
Microsoft Visual Studio Solution File, Format Version 11.00
# Visual Studio 2010
Project("{2150E333-8FDC-42A3-9474-1A3956D46DE8}") = "EDAFinal", "EDAFinal", "{16B64D64-45F6-4317-A884-B940334CD8A4}"
	ProjectSection(SolutionItems) = preProject
		ABB_priv.c = ABB_priv.c
		ABB_priv.h = ABB_priv.h
		ABB.c = ABB.c
		ABB.h = ABB.h
		main.c = main.c
	EndProjectSection
EndProject
Global
	GlobalSection(SolutionConfigurationPlatforms) = preSolution
		Debug|Any CPU = Debug|Any CPU
		Release|Any CPU = Release|Any CPU
	EndGlobalSection
	GlobalSection(ProjectConfigurationPlatforms) = postSolution
	EndGlobalSection
	GlobalSection(MonoDevelopProperties) = preSolution
		StartupItem = EDAFinal.cproj
	EndGlobalSection
EndGlobal
